
Microsoft Visual Studio Solution File, Format Version 12.00
# Visual Studio Version 17
VisualStudioVersion = 17.3.32819.101
MinimumVisualStudioVersion = 10.0.40219.1
Project("{9A19103F-16F7-4668-BE54-9A1E7A4F7556}") = "Resturan.Presentation", "Resturan.Presentaion\Resturan.Presentation.csproj", "{993E7FD2-2C7D-410B-B00F-62D711C0216B}"
EndProject
Project("{9A19103F-16F7-4668-BE54-9A1E7A4F7556}") = "Resturan.Domain", "Resturan.Domain\Resturan.Domain.csproj", "{2979072A-0010-48FA-B18E-00DFD7C55444}"
EndProject
Project("{2150E333-8FDC-42A3-9474-1A3956D46DE8}") = "Domain", "Domain", "{C3505F07-FD9A-4B40-8330-DEBA52984C82}"
EndProject
Project("{2150E333-8FDC-42A3-9474-1A3956D46DE8}") = "Presentation", "Presentation", "{1CC738ED-88FD-4C6B-95CB-D951A9B221AB}"
EndProject
Project("{2150E333-8FDC-42A3-9474-1A3956D46DE8}") = "Infrastructure", "Infrastructure", "{DF86F773-4C08-473B-919E-9E0119C1D142}"
EndProject
Project("{9A19103F-16F7-4668-BE54-9A1E7A4F7556}") = "Resturan.Infrastructure.EFCORE6", "Infrastructure.EFCORE6\Resturan.Infrastructure.EFCORE6.csproj", "{C5FE657D-B8A1-47E3-B719-56764DF54377}"
EndProject
Project("{2150E333-8FDC-42A3-9474-1A3956D46DE8}") = "Application", "Application", "{2EA059CD-B6E3-48F8-9A39-A2B58E1814FE}"
EndProject
Project("{9A19103F-16F7-4668-BE54-9A1E7A4F7556}") = "Resturan.Application", "Resturan.Application\Resturan.Application.csproj", "{1BBA5484-CBB6-4C1B-9BB7-60C3DF7B6FB4}"
EndProject
Project("{9A19103F-16F7-4668-BE54-9A1E7A4F7556}") = "Resturan.Application.Service", "Resturan.Application.Contract\Resturan.Application.Service.csproj", "{E0EFCBEB-F25F-4E49-A701-BD26CD00DE95}"
EndProject
Project("{9A19103F-16F7-4668-BE54-9A1E7A4F7556}") = "Resturan.Infrastructure.Service", "Resturan.Infrastructure.Service\Resturan.Infrastructure.Service.csproj", "{E79C8BC9-C098-4EDE-A89F-255441EF0BFE}"
EndProject
Project("{9A19103F-16F7-4668-BE54-9A1E7A4F7556}") = "Resturan.Infrastructure.Tools", "Resturan.Infrastructure.Tools\Resturan.Infrastructure.Tools.csproj", "{0F16D038-B0EA-41E2-8A84-23E897495ED4}"
EndProject
Project("{9A19103F-16F7-4668-BE54-9A1E7A4F7556}") = "Resturan.Application.Query", "Resturan.Application.Query\Resturan.Application.Query.csproj", "{FEC37C7B-B28C-4A7D-9391-7C6A57810CA0}"
EndProject
Global
	GlobalSection(SolutionConfigurationPlatforms) = preSolution
		Debug|Any CPU = Debug|Any CPU
		Release|Any CPU = Release|Any CPU
	EndGlobalSection
	GlobalSection(ProjectConfigurationPlatforms) = postSolution
		{993E7FD2-2C7D-410B-B00F-62D711C0216B}.Debug|Any CPU.ActiveCfg = Debug|Any CPU
		{993E7FD2-2C7D-410B-B00F-62D711C0216B}.Debug|Any CPU.Build.0 = Debug|Any CPU
		{993E7FD2-2C7D-410B-B00F-62D711C0216B}.Release|Any CPU.ActiveCfg = Release|Any CPU
		{993E7FD2-2C7D-410B-B00F-62D711C0216B}.Release|Any CPU.Build.0 = Release|Any CPU
		{2979072A-0010-48FA-B18E-00DFD7C55444}.Debug|Any CPU.ActiveCfg = Debug|Any CPU
		{2979072A-0010-48FA-B18E-00DFD7C55444}.Debug|Any CPU.Build.0 = Debug|Any CPU
		{2979072A-0010-48FA-B18E-00DFD7C55444}.Release|Any CPU.ActiveCfg = Release|Any CPU
		{2979072A-0010-48FA-B18E-00DFD7C55444}.Release|Any CPU.Build.0 = Release|Any CPU
		{C5FE657D-B8A1-47E3-B719-56764DF54377}.Debug|Any CPU.ActiveCfg = Debug|Any CPU
		{C5FE657D-B8A1-47E3-B719-56764DF54377}.Debug|Any CPU.Build.0 = Debug|Any CPU
		{C5FE657D-B8A1-47E3-B719-56764DF54377}.Release|Any CPU.ActiveCfg = Release|Any CPU
		{C5FE657D-B8A1-47E3-B719-56764DF54377}.Release|Any CPU.Build.0 = Release|Any CPU
		{1BBA5484-CBB6-4C1B-9BB7-60C3DF7B6FB4}.Debug|Any CPU.ActiveCfg = Debug|Any CPU
		{1BBA5484-CBB6-4C1B-9BB7-60C3DF7B6FB4}.Debug|Any CPU.Build.0 = Debug|Any CPU
		{1BBA5484-CBB6-4C1B-9BB7-60C3DF7B6FB4}.Release|Any CPU.ActiveCfg = Release|Any CPU
		{1BBA5484-CBB6-4C1B-9BB7-60C3DF7B6FB4}.Release|Any CPU.Build.0 = Release|Any CPU
		{E0EFCBEB-F25F-4E49-A701-BD26CD00DE95}.Debug|Any CPU.ActiveCfg = Debug|Any CPU
		{E0EFCBEB-F25F-4E49-A701-BD26CD00DE95}.Debug|Any CPU.Build.0 = Debug|Any CPU
		{E0EFCBEB-F25F-4E49-A701-BD26CD00DE95}.Release|Any CPU.ActiveCfg = Release|Any CPU
		{E0EFCBEB-F25F-4E49-A701-BD26CD00DE95}.Release|Any CPU.Build.0 = Release|Any CPU
		{E79C8BC9-C098-4EDE-A89F-255441EF0BFE}.Debug|Any CPU.ActiveCfg = Debug|Any CPU
		{E79C8BC9-C098-4EDE-A89F-255441EF0BFE}.Debug|Any CPU.Build.0 = Debug|Any CPU
		{E79C8BC9-C098-4EDE-A89F-255441EF0BFE}.Release|Any CPU.ActiveCfg = Release|Any CPU
		{E79C8BC9-C098-4EDE-A89F-255441EF0BFE}.Release|Any CPU.Build.0 = Release|Any CPU
		{0F16D038-B0EA-41E2-8A84-23E897495ED4}.Debug|Any CPU.ActiveCfg = Debug|Any CPU
		{0F16D038-B0EA-41E2-8A84-23E897495ED4}.Debug|Any CPU.Build.0 = Debug|Any CPU
		{0F16D038-B0EA-41E2-8A84-23E897495ED4}.Release|Any CPU.ActiveCfg = Release|Any CPU
		{0F16D038-B0EA-41E2-8A84-23E897495ED4}.Release|Any CPU.Build.0 = Release|Any CPU
		{FEC37C7B-B28C-4A7D-9391-7C6A57810CA0}.Debug|Any CPU.ActiveCfg = Debug|Any CPU
		{FEC37C7B-B28C-4A7D-9391-7C6A57810CA0}.Debug|Any CPU.Build.0 = Debug|Any CPU
		{FEC37C7B-B28C-4A7D-9391-7C6A57810CA0}.Release|Any CPU.ActiveCfg = Release|Any CPU
		{FEC37C7B-B28C-4A7D-9391-7C6A57810CA0}.Release|Any CPU.Build.0 = Release|Any CPU
	EndGlobalSection
	GlobalSection(SolutionProperties) = preSolution
		HideSolutionNode = FALSE
	EndGlobalSection
	GlobalSection(NestedProjects) = preSolution
		{993E7FD2-2C7D-410B-B00F-62D711C0216B} = {1CC738ED-88FD-4C6B-95CB-D951A9B221AB}
		{2979072A-0010-48FA-B18E-00DFD7C55444} = {C3505F07-FD9A-4B40-8330-DEBA52984C82}
		{C5FE657D-B8A1-47E3-B719-56764DF54377} = {DF86F773-4C08-473B-919E-9E0119C1D142}
		{1BBA5484-CBB6-4C1B-9BB7-60C3DF7B6FB4} = {2EA059CD-B6E3-48F8-9A39-A2B58E1814FE}
		{E0EFCBEB-F25F-4E49-A701-BD26CD00DE95} = {2EA059CD-B6E3-48F8-9A39-A2B58E1814FE}
		{E79C8BC9-C098-4EDE-A89F-255441EF0BFE} = {DF86F773-4C08-473B-919E-9E0119C1D142}
		{0F16D038-B0EA-41E2-8A84-23E897495ED4} = {DF86F773-4C08-473B-919E-9E0119C1D142}
		{FEC37C7B-B28C-4A7D-9391-7C6A57810CA0} = {2EA059CD-B6E3-48F8-9A39-A2B58E1814FE}
	EndGlobalSection
	GlobalSection(ExtensibilityGlobals) = postSolution
		SolutionGuid = {C4422AB6-0A91-4335-9310-1D71ABD1A9A3}
	EndGlobalSection
EndGlobal
